// !$*UTF8*$!
{
	archiveVersion = 1;
	classes = {
	};
	objectVersion = 77;
	objects = {

/* Begin PBXContainerItemProxy section */
		A982AA9D2F6D25BF001A05CF /* PBXContainerItemProxy */ = {
			isa = PBXContainerItemProxy;
			containerPortal = A982AA872F6D25BC001A05CF /* Project object */;
			proxyType = 1;
			remoteGlobalIDString = A982AA8E2F6D25BC001A05CF;
			remoteInfo = KeepingUp;
		};
		A982AAA72F6D25BF001A05CF /* PBXContainerItemProxy */ = {
			isa = PBXContainerItemProxy;
			containerPortal = A982AA872F6D25BC001A05CF /* Project object */;
			proxyType = 1;
			remoteGlobalIDString = A982AA8E2F6D25BC001A05CF;
			remoteInfo = KeepingUp;
		};
/* End PBXContainerItemProxy section */

/* Begin PBXFileReference section */
		A982AA8F2F6D25BC001A05CF /* KeepingUp.app */ = {isa = PBXFileReference; explicitFileType = wrapper.application; includeInIndex = 0; path = KeepingUp.app; sourceTree = BUILT_PRODUCTS_DIR; };
		A982AA9C2F6D25BF001A05CF /* KeepingUpTests.xctest */ = {isa = PBXFileReference; explicitFileType = wrapper.cfbundle; includeInIndex = 0; path = KeepingUpTests.xctest; sourceTree = BUILT_PRODUCTS_DIR; };
		A982AAA62F6D25BF001A05CF /* KeepingUpUITests.xctest */ = {isa = PBXFileReference; explicitFileType = wrapper.cfbundle; includeInIndex = 0; path = KeepingUpUITests.xctest; sourceTree = BUILT_PRODUCTS_DIR; };
/* End PBXFileReference section */

/* Begin PBXFileSystemSynchronizedRootGroup section */
		A982AA912F6D25BC001A05CF /* KeepingUp */ = {
			isa = PBXFileSystemSynchronizedRootGroup;
			path = KeepingUp;
			sourceTree = "<group>";
		};
		A982AA9F2F6D25BF001A05CF /* KeepingUpTests */ = {
			isa = PBXFileSystemSynchronizedRootGroup;
			path = KeepingUpTests;
			sourceTree = "<group>";
		};
		A982AAA92F6D25BF001A05CF /* KeepingUpUITests */ = {
			isa = PBXFileSystemSynchronizedRootGroup;
			path = KeepingUpUITests;
			sourceTree = "<group>";
		};
/* End PBXFileSystemSynchronizedRootGroup section */

/* Begin PBXFrameworksBuildPhase section */
		A982AA8C2F6D25BC001A05CF /* Frameworks */ = {
			isa = PBXFrameworksBuildPhase;
			buildActionMask = 2147483647;
			files = (
			);
			runOnlyForDeploymentPostprocessing = 0;
		};
		A982AA992F6D25BF001A05CF /* Frameworks */ = {
			isa = PBXFrameworksBuildPhase;
			buildActionMask = 2147483647;
			files = (
			);
			runOnlyForDeploymentPostprocessing = 0;
		};
		A982AAA32F6D25BF001A05CF /* Frameworks */ = {
			isa = PBXFrameworksBuildPhase;
			buildActionMask = 2147483647;
			files = (
			);
			runOnlyForDeploymentPostprocessing = 0;
		};
/* End PBXFrameworksBuildPhase section */

/* Begin PBXGroup section */
		A982AA862F6D25BC001A05CF = {
			isa = PBXGroup;
			children = (
				A982AA912F6D25BC001A05CF /* KeepingUp */,
				A982AA9F2F6D25BF001A05CF /* KeepingUpTests */,
				A982AAA92F6D25BF001A05CF /* KeepingUpUITests */,
				A982AA902F6D25BC001A05CF /* Products */,
			);
			sourceTree = "<group>";
		};
		A982AA902F6D25BC001A05CF /* Products */ = {
			isa = PBXGroup;
			children = (
				A982AA8F2F6D25BC001A05CF /* KeepingUp.app */,
				A982AA9C2F6D25BF001A05CF /* KeepingUpTests.xctest */,
				A982AAA62F6D25BF001A05CF /* KeepingUpUITests.xctest */,
			);
			name = Products;
			sourceTree = "<group>";
		};
/* End PBXGroup section */

/* Begin PBXNativeTarget section */
		A982AA8E2F6D25BC001A05CF /* KeepingUp */ = {
			isa = PBXNativeTarget;
			buildConfigurationList = A982AAB02F6D25BF001A05CF /* Build configuration list for PBXNativeTarget "KeepingUp" */;
			buildPhases = (
				A982AA8B2F6D25BC001A05CF /* Sources */,
				A982AA8C2F6D25BC001A05CF /* Frameworks */,
				A982AA8D2F6D25BC001A05CF /* Resources */,
			);
			buildRules = (
			);
			dependencies = (
			);
			fileSystemSynchronizedGroups = (
				A982AA912F6D25BC001A05CF /* KeepingUp */,
			);
			name = KeepingUp;
			packageProductDependencies = (
			);
			productName = KeepingUp;
			productReference = A982AA8F2F6D25BC001A05CF /* KeepingUp.app */;
			productType = "com.apple.product-type.application";
		};
		A982AA9B2F6D25BF001A05CF /* KeepingUpTests */ = {
			isa = PBXNativeTarget;
			buildConfigurationList = A982AAB32F6D25BF001A05CF /* Build configuration list for PBXNativeTarget "KeepingUpTests" */;
			buildPhases = (
				A982AA982F6D25BF001A05CF /* Sources */,
				A982AA992F6D25BF001A05CF /* Frameworks */,
				A982AA9A2F6D25BF001A05CF /* Resources */,
			);
			buildRules = (
			);
			dependencies = (
				A982AA9E2F6D25BF001A05CF /* PBXTargetDependency */,
			);
			fileSystemSynchronizedGroups = (
				A982AA9F2F6D25BF001A05CF /* KeepingUpTests */,
			);
			name = KeepingUpTests;
			packageProductDependencies = (
			);
			productName = KeepingUpTests;
			productReference = A982AA9C2F6D25BF001A05CF /* KeepingUpTests.xctest */;
			productType = "com.apple.product-type.bundle.unit-test";
		};
		A982AAA52F6D25BF001A05CF /* KeepingUpUITests */ = {
			isa = PBXNativeTarget;
			buildConfigurationList = A982AAB62F6D25BF001A05CF /* Build configuration list for PBXNativeTarget "KeepingUpUITests" */;
			buildPhases = (
				A982AAA22F6D25BF001A05CF /* Sources */,
				A982AAA32F6D25BF001A05CF /* Frameworks */,
				A982AAA42F6D25BF001A05CF /* Resources */,
			);
			buildRules = (
			);
			dependencies = (
				A982AAA82F6D25BF001A05CF /* PBXTargetDependency */,
			);
			fileSystemSynchronizedGroups = (
				A982AAA92F6D25BF001A05CF /* KeepingUpUITests */,
			);
			name = KeepingUpUITests;
			packageProductDependencies = (
			);
			productName = KeepingUpUITests;
			productReference = A982AAA62F6D25BF001A05CF /* KeepingUpUITests.xctest */;
			productType = "com.apple.product-type.bundle.ui-testing";
		};
/* End PBXNativeTarget section */

/* Begin PBXProject section */
		A982AA872F6D25BC001A05CF /* Project object */ = {
			isa = PBXProject;
			attributes = {
				BuildIndependentTargetsInParallel = 1;
				LastSwiftUpdateCheck = 2630;
				LastUpgradeCheck = 2630;
				TargetAttributes = {
					A982AA8E2F6D25BC001A05CF = {
						CreatedOnToolsVersion = 26.3;
					};
					A982AA9B2F6D25BF001A05CF = {
						CreatedOnToolsVersion = 26.3;
						TestTargetID = A982AA8E2F6D25BC001A05CF;
					};
					A982AAA52F6D25BF001A05CF = {
						CreatedOnToolsVersion = 26.3;
						TestTargetID = A982AA8E2F6D25BC001A05CF;
					};
				};
			};
			buildConfigurationList = A982AA8A2F6D25BC001A05CF /* Build configuration list for PBXProject "KeepingUp" */;
			developmentRegion = en;
			hasScannedForEncodings = 0;
			knownRegions = (
				en,
				Base,
			);
			mainGroup = A982AA862F6D25BC001A05CF;
			minimizedProjectReferenceProxies = 1;
			preferredProjectObjectVersion = 77;
			productRefGroup = A982AA902F6D25BC001A05CF /* Products */;
			projectDirPath = "";
			projectRoot = "";
			targets = (
				A982AA8E2F6D25BC001A05CF /* KeepingUp */,
				A982AA9B2F6D25BF001A05CF /* KeepingUpTests */,
				A982AAA52F6D25BF001A05CF /* KeepingUpUITests */,
			);
		};
/* End PBXProject section */

/* Begin PBXResourcesBuildPhase section */
		A982AA8D2F6D25BC001A05CF /* Resources */ = {
			isa = PBXResourcesBuildPhase;
			buildActionMask = 2147483647;
			files = (
			);
			runOnlyForDeploymentPostprocessing = 0;
		};
		A982AA9A2F6D25BF001A05CF /* Resources */ = {
			isa = PBXResourcesBuildPhase;
			buildActionMask = 2147483647;
			files = (
			);
			runOnlyForDeploymentPostprocessing = 0;
		};
		A982AAA42F6D25BF001A05CF /* Resources */ = {
			isa = PBXResourcesBuildPhase;
			buildActionMask = 2147483647;
			files = (
			);
			runOnlyForDeploymentPostprocessing = 0;
		};
/* End PBXResourcesBuildPhase section */

/* Begin PBXSourcesBuildPhase section */
		A982AA8B2F6D25BC001A05CF /* Sources */ = {
			isa = PBXSourcesBuildPhase;
			buildActionMask = 2147483647;
			files = (
			);
			runOnlyForDeploymentPostprocessing = 0;
		};
		A982AA982F6D25BF001A05CF /* Sources */ = {
			isa = PBXSourcesBuildPhase;
			buildActionMask = 2147483647;
			files = (
			);
			runOnlyForDeploymentPostprocessing = 0;
		};
		A982AAA22F6D25BF001A05CF /* Sources */ = {
			isa = PBXSourcesBuildPhase;
			buildActionMask = 2147483647;
			files = (
			);
			runOnlyForDeploymentPostprocessing = 0;
		};
/* End PBXSourcesBuildPhase section */

/* Begin PBXTargetDependency section */
		A982AA9E2F6D25BF001A05CF /* PBXTargetDependency */ = {
			isa = PBXTargetDependency;
			target = A982AA8E2F6D25BC001A05CF /* KeepingUp */;
			targetProxy = A982AA9D2F6D25BF001A05CF /* PBXContainerItemProxy */;
		};
		A982AAA82F6D25BF001A05CF /* PBXTargetDependency */ = {
			isa = PBXTargetDependency;
			target = A982AA8E2F6D25BC001A05CF /* KeepingUp */;
			targetProxy = A982AAA72F6D25BF001A05CF /* PBXContainerItemProxy */;
		};
/* End PBXTargetDependency section */

/* Begin XCBuildConfiguration section */
		A982AAAE2F6D25BF001A05CF /* Debug */ = {
			isa = XCBuildConfiguration;
			buildSettings = {
				ALWAYS_SEARCH_USER_PATHS = NO;
				ASSETCATALOG_COMPILER_GENERATE_SWIFT_ASSET_SYMBOL_EXTENSIONS = YES;
				CLANG_ANALYZER_NONNULL = YES;
				CLANG_ANALYZER_NUMBER_OBJECT_CONVERSION = YES_AGGRESSIVE;
				CLANG_CXX_LANGUAGE_STANDARD = "gnu++20";
				CLANG_ENABLE_MODULES = YES;
				CLANG_ENABLE_OBJC_ARC = YES;
				CLANG_ENABLE_OBJC_WEAK = YES;
				CLANG_WARN_BLOCK_CAPTURE_AUTORELEASING = YES;
				CLANG_WARN_BOOL_CONVERSION = YES;
				CLANG_WARN_COMMA = YES;
				CLANG_WARN_CONSTANT_CONVERSION = YES;
				CLANG_WARN_DEPRECATED_OBJC_IMPLEMENTATIONS = YES;
				CLANG_WARN_DIRECT_OBJC_ISA_USAGE = YES_ERROR;
				CLANG_WARN_DOCUMENTATION_COMMENTS = YES;
				CLANG_WARN_EMPTY_BODY = YES;
				CLANG_WARN_ENUM_CONVERSION = YES;
				CLANG_WARN_INFINITE_RECURSION = YES;
				CLANG_WARN_INT_CONVERSION = YES;
				CLANG_WARN_NON_LITERAL_NULL_CONVERSION = YES;
				CLANG_WARN_OBJC_IMPLICIT_RETAIN_SELF = YES;
				CLANG_WARN_OBJC_LITERAL_CONVERSION = YES;
				CLANG_WARN_OBJC_ROOT_CLASS = YES_ERROR;
				CLANG_WARN_QUOTED_INCLUDE_IN_FRAMEWORK_HEADER = YES;
				CLANG_WARN_RANGE_LOOP_ANALYSIS = YES;
				CLANG_WARN_STRICT_PROTOTYPES = YES;
				CLANG_WARN_SUSPICIOUS_MOVE = YES;
				CLANG_WARN_UNGUARDED_AVAILABILITY = YES_AGGRESSIVE;
				CLANG_WARN_UNREACHABLE_CODE = YES;
				CLANG_WARN__DUPLICATE_METHOD_MATCH = YES;
				COPY_PHASE_STRIP = NO;
				DEBUG_INFORMATION_FORMAT = dwarf;
				ENABLE_STRICT_OBJC_MSGSEND = YES;
				ENABLE_TESTABILITY = YES;
				ENABLE_USER_SCRIPT_SANDBOXING = YES;
				GCC_C_LANGUAGE_STANDARD = gnu17;
				GCC_DYNAMIC_NO_PIC = NO;
				GCC_NO_COMMON_BLOCKS = YES;
				GCC_OPTIMIZATION_LEVEL = 0;
				GCC_PREPROCESSOR_DEFINITIONS = (
					"DEBUG=1",
					"$(inherited)",
				);
				GCC_WARN_64_TO_32_BIT_CONVERSION = YES;
				GCC_WARN_ABOUT_RETURN_TYPE = YES_ERROR;
				GCC_WARN_UNDECLARED_SELECTOR = YES;
				GCC_WARN_UNINITIALIZED_AUTOS = YES_AGGRESSIVE;
				GCC_WARN_UNUSED_FUNCTION = YES;
				GCC_WARN_UNUSED_VARIABLE = YES;
				LOCALIZATION_PREFERS_STRING_CATALOGS = YES;
				MACOSX_DEPLOYMENT_TARGET = 26.1;
				MTL_ENABLE_DEBUG_INFO = INCLUDE_SOURCE;
				MTL_FAST_MATH = YES;
				ONLY_ACTIVE_ARCH = YES;
				SDKROOT = macosx;
				SWIFT_ACTIVE_COMPILATION_CONDITIONS = "DEBUG $(inherited)";
				SWIFT_OPTIMIZATION_LEVEL = "-Onone";
			};
			name = Debug;
		};
		A982AAAF2F6D25BF001A05CF /* Release */ = {
			isa = XCBuildConfiguration;
			buildSettings = {
				ALWAYS_SEARCH_USER_PATHS = NO;
				ASSETCATALOG_COMPILER_GENERATE_SWIFT_ASSET_SYMBOL_EXTENSIONS = YES;
				CLANG_ANALYZER_NONNULL = YES;
				CLANG_ANALYZER_NUMBER_OBJECT_CONVERSION = YES_AGGRESSIVE;
				CLANG_CXX_LANGUAGE_STANDARD = "gnu++20";
				CLANG_ENABLE_MODULES = YES;
				CLANG_ENABLE_OBJC_ARC = YES;
				CLANG_ENABLE_OBJC_WEAK = YES;
				CLANG_WARN_BLOCK_CAPTURE_AUTORELEASING = YES;
				CLANG_WARN_BOOL_CONVERSION = YES;
				CLANG_WARN_COMMA = YES;
				CLANG_WARN_CONSTANT_CONVERSION = YES;
				CLANG_WARN_DEPRECATED_OBJC_IMPLEMENTATIONS = YES;
				CLANG_WARN_DIRECT_OBJC_ISA_USAGE = YES_ERROR;
				CLANG_WARN_DOCUMENTATION_COMMENTS = YES;
				CLANG_WARN_EMPTY_BODY = YES;
				CLANG_WARN_ENUM_CONVERSION = YES;
				CLANG_WARN_INFINITE_RECURSION = YES;
				CLANG_WARN_INT_CONVERSION = YES;
				CLANG_WARN_NON_LITERAL_NULL_CONVERSION = YES;
				CLANG_WARN_OBJC_IMPLICIT_RETAIN_SELF = YES;
				CLANG_WARN_OBJC_LITERAL_CONVERSION = YES;
				CLANG_WARN_OBJC_ROOT_CLASS = YES_ERROR;
				CLANG_WARN_QUOTED_INCLUDE_IN_FRAMEWORK_HEADER = YES;
				CLANG_WARN_RANGE_LOOP_ANALYSIS = YES;
				CLANG_WARN_STRICT_PROTOTYPES = YES;
				CLANG_WARN_SUSPICIOUS_MOVE = YES;
				CLANG_WARN_UNGUARDED_AVAILABILITY = YES_AGGRESSIVE;
				CLANG_WARN_UNREACHABLE_CODE = YES;
				CLANG_WARN__DUPLICATE_METHOD_MATCH = YES;
				COPY_PHASE_STRIP = NO;
				DEBUG_INFORMATION_FORMAT = "dwarf-with-dsym";
				ENABLE_NS_ASSERTIONS = NO;
				ENABLE_STRICT_OBJC_MSGSEND = YES;
				ENABLE_USER_SCRIPT_SANDBOXING = YES;
				GCC_C_LANGUAGE_STANDARD = gnu17;
				GCC_NO_COMMON_BLOCKS = YES;
				GCC_WARN_64_TO_32_BIT_CONVERSION = YES;
				GCC_WARN_ABOUT_RETURN_TYPE = YES_ERROR;
				GCC_WARN_UNDECLARED_SELECTOR = YES;
				GCC_WARN_UNINITIALIZED_AUTOS = YES_AGGRESSIVE;
				GCC_WARN_UNUSED_FUNCTION = YES;
				GCC_WARN_UNUSED_VARIABLE = YES;
				LOCALIZATION_PREFERS_STRING_CATALOGS = YES;
				MACOSX_DEPLOYMENT_TARGET = 26.1;
				MTL_ENABLE_DEBUG_INFO = NO;
				MTL_FAST_MATH = YES;
				SDKROOT = macosx;
				SWIFT_COMPILATION_MODE = wholemodule;
			};
			name = Release;
		};
		A982AAB12F6D25BF001A05CF /* Debug */ = {
			isa = XCBuildConfiguration;
			buildSettings = {
				ASSETCATALOG_COMPILER_APPICON_NAME = AppIcon;
				ASSETCATALOG_COMPILER_GLOBAL_ACCENT_COLOR_NAME = AccentColor;
				CODE_SIGN_STYLE = Automatic;
				COMBINE_HIDPI_IMAGES = YES;
				CURRENT_PROJECT_VERSION = 1;
				ENABLE_APP_SANDBOX = YES;
				ENABLE_PREVIEWS = YES;
				ENABLE_USER_SELECTED_FILES = readonly;
				GENERATE_INFOPLIST_FILE = YES;
				INFOPLIST_KEY_NSHumanReadableCopyright = "";
				LD_RUNPATH_SEARCH_PATHS = (
					"$(inherited)",
					"@executable_path/../Frameworks",
				);
				MARKETING_VERSION = 1.0;
				PRODUCT_BUNDLE_IDENTIFIER = eureseb.KeepingUp;
				PRODUCT_NAME = "$(TARGET_NAME)";
				REGISTER_APP_GROUPS = YES;
				STRING_CATALOG_GENERATE_SYMBOLS = YES;
				SWIFT_APPROACHABLE_CONCURRENCY = YES;
				SWIFT_DEFAULT_ACTOR_ISOLATION = MainActor;
				SWIFT_EMIT_LOC_STRINGS = YES;
				SWIFT_UPCOMING_FEATURE_MEMBER_IMPORT_VISIBILITY = YES;
				SWIFT_VERSION = 5.0;
			};
			name = Debug;
		};
		A982AAB22F6D25BF001A05CF /* Release */ = {
			isa = XCBuildConfiguration;
			buildSettings = {
				ASSETCATALOG_COMPILER_APPICON_NAME = AppIcon;
				ASSETCATALOG_COMPILER_GLOBAL_ACCENT_COLOR_NAME = AccentColor;
				CODE_SIGN_STYLE = Automatic;
				COMBINE_HIDPI_IMAGES = YES;
				CURRENT_PROJECT_VERSION = 1;
				ENABLE_APP_SANDBOX = YES;
				ENABLE_PREVIEWS = YES;
				ENABLE_USER_SELECTED_FILES = readonly;
				GENERATE_INFOPLIST_FILE = YES;
				INFOPLIST_KEY_NSHumanReadableCopyright = "";
				LD_RUNPATH_SEARCH_PATHS = (
					"$(inherited)",
					"@executable_path/../Frameworks",
				);
				MARKETING_VERSION = 1.0;
				PRODUCT_BUNDLE_IDENTIFIER = eureseb.KeepingUp;
				PRODUCT_NAME = "$(TARGET_NAME)";
				REGISTER_APP_GROUPS = YES;
				STRING_CATALOG_GENERATE_SYMBOLS = YES;
				SWIFT_APPROACHABLE_CONCURRENCY = YES;
				SWIFT_DEFAULT_ACTOR_ISOLATION = MainActor;
				SWIFT_EMIT_LOC_STRINGS = YES;
				SWIFT_UPCOMING_FEATURE_MEMBER_IMPORT_VISIBILITY = YES;
				SWIFT_VERSION = 5.0;
			};
			name = Release;
		};
		A982AAB42F6D25BF001A05CF /* Debug */ = {
			isa = XCBuildConfiguration;
			buildSettings = {
				BUNDLE_LOADER = "$(TEST_HOST)";
				CODE_SIGN_STYLE = Automatic;
				CURRENT_PROJECT_VERSION = 1;
				GENERATE_INFOPLIST_FILE = YES;
				MACOSX_DEPLOYMENT_TARGET = 26.1;
				MARKETING_VERSION = 1.0;
				PRODUCT_BUNDLE_IDENTIFIER = eureseb.KeepingUpTests;
				PRODUCT_NAME = "$(TARGET_NAME)";
				STRING_CATALOG_GENERATE_SYMBOLS = NO;
				SWIFT_APPROACHABLE_CONCURRENCY = YES;
				SWIFT_EMIT_LOC_STRINGS = NO;
				SWIFT_UPCOMING_FEATURE_MEMBER_IMPORT_VISIBILITY = YES;
				SWIFT_VERSION = 5.0;
				TEST_HOST = "$(BUILT_PRODUCTS_DIR)/KeepingUp.app/$(BUNDLE_EXECUTABLE_FOLDER_PATH)/KeepingUp";
			};
			name = Debug;
		};
		A982AAB52F6D25BF001A05CF /* Release */ = {
			isa = XCBuildConfiguration;
			buildSettings = {
				BUNDLE_LOADER = "$(TEST_HOST)";
				CODE_SIGN_STYLE = Automatic;
				CURRENT_PROJECT_VERSION = 1;
				GENERATE_INFOPLIST_FILE = YES;
				MACOSX_DEPLOYMENT_TARGET = 26.1;
				MARKETING_VERSION = 1.0;
				PRODUCT_BUNDLE_IDENTIFIER = eureseb.KeepingUpTests;
				PRODUCT_NAME = "$(TARGET_NAME)";
				STRING_CATALOG_GENERATE_SYMBOLS = NO;
				SWIFT_APPROACHABLE_CONCURRENCY = YES;
				SWIFT_EMIT_LOC_STRINGS = NO;
				SWIFT_UPCOMING_FEATURE_MEMBER_IMPORT_VISIBILITY = YES;
				SWIFT_VERSION = 5.0;
				TEST_HOST = "$(BUILT_PRODUCTS_DIR)/KeepingUp.app/$(BUNDLE_EXECUTABLE_FOLDER_PATH)/KeepingUp";
			};
			name = Release;
		};
		A982AAB72F6D25BF001A05CF /* Debug */ = {
			isa = XCBuildConfiguration;
			buildSettings = {
				CODE_SIGN_STYLE = Automatic;
				CURRENT_PROJECT_VERSION = 1;
				GENERATE_INFOPLIST_FILE = YES;
				MARKETING_VERSION = 1.0;
				PRODUCT_BUNDLE_IDENTIFIER = eureseb.KeepingUpUITests;
				PRODUCT_NAME = "$(TARGET_NAME)";
				STRING_CATALOG_GENERATE_SYMBOLS = NO;
				SWIFT_APPROACHABLE_CONCURRENCY = YES;
				SWIFT_EMIT_LOC_STRINGS = NO;
				SWIFT_UPCOMING_FEATURE_MEMBER_IMPORT_VISIBILITY = YES;
				SWIFT_VERSION = 5.0;
				TEST_TARGET_NAME = KeepingUp;
			};
			name = Debug;
		};
		A982AAB82F6D25BF001A05CF /* Release */ = {
			isa = XCBuildConfiguration;
			buildSettings = {
				CODE_SIGN_STYLE = Automatic;
				CURRENT_PROJECT_VERSION = 1;
				GENERATE_INFOPLIST_FILE = YES;
				MARKETING_VERSION = 1.0;
				PRODUCT_BUNDLE_IDENTIFIER = eureseb.KeepingUpUITests;
				PRODUCT_NAME = "$(TARGET_NAME)";
				STRING_CATALOG_GENERATE_SYMBOLS = NO;
				SWIFT_APPROACHABLE_CONCURRENCY = YES;
				SWIFT_EMIT_LOC_STRINGS = NO;
				SWIFT_UPCOMING_FEATURE_MEMBER_IMPORT_VISIBILITY = YES;
				SWIFT_VERSION = 5.0;
				TEST_TARGET_NAME = KeepingUp;
			};
			name = Release;
		};
/* End XCBuildConfiguration section */

/* Begin XCConfigurationList section */
		A982AA8A2F6D25BC001A05CF /* Build configuration list for PBXProject "KeepingUp" */ = {
			isa = XCConfigurationList;
			buildConfigurations = (
				A982AAAE2F6D25BF001A05CF /* Debug */,
				A982AAAF2F6D25BF001A05CF /* Release */,
			);
			defaultConfigurationIsVisible = 0;
			defaultConfigurationName = Release;
		};
		A982AAB02F6D25BF001A05CF /* Build configuration list for PBXNativeTarget "KeepingUp" */ = {
			isa = XCConfigurationList;
			buildConfigurations = (
				A982AAB12F6D25BF001A05CF /* Debug */,
				A982AAB22F6D25BF001A05CF /* Release */,
			);
			defaultConfigurationIsVisible = 0;
			defaultConfigurationName = Release;
		};
		A982AAB32F6D25BF001A05CF /* Build configuration list for PBXNativeTarget "KeepingUpTests" */ = {
			isa = XCConfigurationList;
			buildConfigurations = (
				A982AAB42F6D25BF001A05CF /* Debug */,
				A982AAB52F6D25BF001A05CF /* Release */,
			);
			defaultConfigurationIsVisible = 0;
			defaultConfigurationName = Release;
		};
		A982AAB62F6D25BF001A05CF /* Build configuration list for PBXNativeTarget "KeepingUpUITests" */ = {
			isa = XCConfigurationList;
			buildConfigurations = (
				A982AAB72F6D25BF001A05CF /* Debug */,
				A982AAB82F6D25BF001A05CF /* Release */,
			);
			defaultConfigurationIsVisible = 0;
			defaultConfigurationName = Release;
		};
/* End XCConfigurationList section */
	};
	rootObject = A982AA872F6D25BC001A05CF /* Project object */;
}
